
Microsoft Visual Studio Solution File, Format Version 12.00
# Visual Studio 14
VisualStudioVersion = 14.0.23107.0
MinimumVisualStudioVersion = 10.0.40219.1
Project("{FAE04EC0-301F-11D3-BF4B-00C04F79EFBC}") = "Mp3Tools", "Mp3Tools\Mp3Tools.csproj", "{324E9353-9F84-4355-B2E5-DA48A49F1F47}"
EndProject
Project("{FAE04EC0-301F-11D3-BF4B-00C04F79EFBC}") = "Mp3Trimmer", "Mp3Trimmer\Mp3Trimmer.csproj", "{4865AF90-C958-43C8-B572-9BE91D159995}"
EndProject
Project("{FAE04EC0-301F-11D3-BF4B-00C04F79EFBC}") = "AndyTools", "AndyTools\AndyTools.csproj", "{9DDF3FAD-ADF7-4460-8D4F-025BC25F0386}"
EndProject
Project("{2150E333-8FDC-42A3-9474-1A3956D46DE8}") = "Solution Items", "Solution Items", "{36DB133C-E06D-437E-81AD-A7B67707FACB}"
EndProject
Project("{FAE04EC0-301F-11D3-BF4B-00C04F79EFBC}") = "Mp3Utilities", "Mp3Utilities\Mp3Utilities.csproj", "{00C487C5-DF22-446D-B62C-AAADF9740116}"
EndProject
Global
	GlobalSection(SolutionConfigurationPlatforms) = preSolution
		Debug|Any CPU = Debug|Any CPU
		Release|Any CPU = Release|Any CPU
	EndGlobalSection
	GlobalSection(ProjectConfigurationPlatforms) = postSolution
		{324E9353-9F84-4355-B2E5-DA48A49F1F47}.Debug|Any CPU.ActiveCfg = Debug|Any CPU
		{324E9353-9F84-4355-B2E5-DA48A49F1F47}.Debug|Any CPU.Build.0 = Debug|Any CPU
		{324E9353-9F84-4355-B2E5-DA48A49F1F47}.Release|Any CPU.ActiveCfg = Release|Any CPU
		{324E9353-9F84-4355-B2E5-DA48A49F1F47}.Release|Any CPU.Build.0 = Release|Any CPU
		{4865AF90-C958-43C8-B572-9BE91D159995}.Debug|Any CPU.ActiveCfg = Debug|Any CPU
		{4865AF90-C958-43C8-B572-9BE91D159995}.Debug|Any CPU.Build.0 = Debug|Any CPU
		{4865AF90-C958-43C8-B572-9BE91D159995}.Release|Any CPU.ActiveCfg = Release|Any CPU
		{4865AF90-C958-43C8-B572-9BE91D159995}.Release|Any CPU.Build.0 = Release|Any CPU
		{9DDF3FAD-ADF7-4460-8D4F-025BC25F0386}.Debug|Any CPU.ActiveCfg = Debug|Any CPU
		{9DDF3FAD-ADF7-4460-8D4F-025BC25F0386}.Debug|Any CPU.Build.0 = Debug|Any CPU
		{9DDF3FAD-ADF7-4460-8D4F-025BC25F0386}.Release|Any CPU.ActiveCfg = Release|Any CPU
		{9DDF3FAD-ADF7-4460-8D4F-025BC25F0386}.Release|Any CPU.Build.0 = Release|Any CPU
		{00C487C5-DF22-446D-B62C-AAADF9740116}.Debug|Any CPU.ActiveCfg = Debug|Any CPU
		{00C487C5-DF22-446D-B62C-AAADF9740116}.Debug|Any CPU.Build.0 = Debug|Any CPU
		{00C487C5-DF22-446D-B62C-AAADF9740116}.Release|Any CPU.ActiveCfg = Release|Any CPU
		{00C487C5-DF22-446D-B62C-AAADF9740116}.Release|Any CPU.Build.0 = Release|Any CPU
	EndGlobalSection
	GlobalSection(SolutionProperties) = preSolution
		HideSolutionNode = FALSE
	EndGlobalSection
EndGlobal
